{
    "_meta": {
        "hash": {
            "sha256": "d19d44d6f1270678682820722e5c1b6d5b33a4fa6cc7a2cd2052d7b4ea0c88d6"
        },
        "pipfile-spec": 6,
        "requires": {
            "python_version": "3.8"
        },
        "sources": [
            {
                "name": "pypi",
                "url": "https://pypi.org/simple",
                "verify_ssl": true
            },
            {
                "name": "myindex",
                "url": "https://${TEST_USER}:${TEST_PASS}@volker.page/test_pypi_repo",
                "verify_ssl": true
            }
        ]
    },
    "default": {
        "example-package-m3h": {
            "hashes": [
                "sha256:08a8f07d8cb80a37bc8407ddc5ad8bac3780197fd0c011c814d702f4c35064d3"
            ],
            "index": "myindex",
            "markers": null,
            "version": "==0.0.1"
        }
    },
    "develop": {}
}
