{
    "_meta": {
        "hash": {
            "sha256": "be6a7496d8d8d2cceb0ba84d9aec61ec786580894623525a60039402503c4f3a"
        },
        "pipfile-spec": 6,
        "requires": {
            "python_version": "3.8"
        },
        "sources": [
            {
                "name": "pypi",
                "url": "https://pypi.org/simple",
                "verify_ssl": true
            },
            {
                "name": "myindex",
                "url": "https://${TEST_USER}:${TEST_PASS}@pypi.org/simple",
                "verify_ssl": true
            }
        ]
    },
    "default": {
        "requests": {
            "hashes": [
                "sha256:8c4f778459cb4a6bad7ceff4aa65a75697db28c21a6b41ea9a6c371df2a822c2",
                "sha256:a90555c0be723f5c711de36f256b21a65fc599602274fb3d5c4f83ac23aae3c5"
            ],
            "index": "pypi",
            "version": "==2.14"
        }
    },
    "develop": {}
}
